# This file was autogenerated by Stack.
# You should not edit this file by hand.
# For more information, please see the documentation at:
#   https://docs.haskellstack.org/en/stable/lock_files

packages:
- completed:
    hackage: Stack-0.4.0@sha256:ada69a23ed9bbaf97260397f6b39b7a1f4e22a11bcac3fe2e8f23f1513f59fd8,1092
    pantry-tree:
      size: 355
      sha256: 4a0e8d5c268b9d19cb472ac94f0e2291afbb899ce4f5878bbbe86effeba36c6f
  original:
    hackage: Stack-0.4.0@sha256:ada69a23ed9bbaf97260397f6b39b7a1f4e22a11bcac3fe2e8f23f1513f59fd8,1092
snapshots:
- completed:
    size: 618876
    url: https://raw.githubusercontent.com/commercialhaskell/stackage-snapshots/master/lts/19/6.yaml
    sha256: fb634b19f31da06684bb07ce02a20c75a3162138f279b388905b03ebd57bb50f
  original:
    url: https://raw.githubusercontent.com/commercialhaskell/stackage-snapshots/master/lts/19/6.yaml
